
Microsoft Visual Studio Solution File, Format Version 12.00
# Visual Studio Version 16
VisualStudioVersion = 16.0.31624.102
MinimumVisualStudioVersion = 10.0.40219.1
Project("{FAE04EC0-301F-11D3-BF4B-00C04F79EFBC}") = "Lab3_test3", "Lab3_test3.csproj", "{CF9A527A-4FA8-4B3D-A1B8-A186266E7162}"
EndProject
Global
	GlobalSection(SolutionConfigurationPlatforms) = preSolution
		Debug|Any CPU = Debug|Any CPU
		Release|Any CPU = Release|Any CPU
	EndGlobalSection
	GlobalSection(ProjectConfigurationPlatforms) = postSolution
		{CF9A527A-4FA8-4B3D-A1B8-A186266E7162}.Debug|Any CPU.ActiveCfg = Debug|Any CPU
		{CF9A527A-4FA8-4B3D-A1B8-A186266E7162}.Debug|Any CPU.Build.0 = Debug|Any CPU
		{CF9A527A-4FA8-4B3D-A1B8-A186266E7162}.Release|Any CPU.ActiveCfg = Release|Any CPU
		{CF9A527A-4FA8-4B3D-A1B8-A186266E7162}.Release|Any CPU.Build.0 = Release|Any CPU
	EndGlobalSection
	GlobalSection(SolutionProperties) = preSolution
		HideSolutionNode = FALSE
	EndGlobalSection
	GlobalSection(ExtensibilityGlobals) = postSolution
		SolutionGuid = {29516E45-F17C-4974-B6F9-C9B615A44BDF}
	EndGlobalSection
EndGlobal
